
Microsoft Visual Studio Solution File, Format Version 12.00
# Visual Studio Version 16
VisualStudioVersion = 16.0.30413.136
MinimumVisualStudioVersion = 10.0.40219.1
Project("{FAE04EC0-301F-11D3-BF4B-00C04F79EFBC}") = "proj", "proj\proj.csproj", "{FCBBE610-8362-4C95-9B2C-CDBFF665C049}"
EndProject
Global
	GlobalSection(SolutionConfigurationPlatforms) = preSolution
		Debug|Any CPU = Debug|Any CPU
		Release|Any CPU = Release|Any CPU
	EndGlobalSection
	GlobalSection(ProjectConfigurationPlatforms) = postSolution
		{FCBBE610-8362-4C95-9B2C-CDBFF665C049}.Debug|Any CPU.ActiveCfg = Debug|Any CPU
		{FCBBE610-8362-4C95-9B2C-CDBFF665C049}.Debug|Any CPU.Build.0 = Debug|Any CPU
		{FCBBE610-8362-4C95-9B2C-CDBFF665C049}.Release|Any CPU.ActiveCfg = Release|Any CPU
		{FCBBE610-8362-4C95-9B2C-CDBFF665C049}.Release|Any CPU.Build.0 = Release|Any CPU
	EndGlobalSection
	GlobalSection(SolutionProperties) = preSolution
		HideSolutionNode = FALSE
	EndGlobalSection
	GlobalSection(ExtensibilityGlobals) = postSolution
		SolutionGuid = {C9C261DF-74BC-414F-BEE8-976F8862B027}
	EndGlobalSection
EndGlobal
